
Microsoft Visual Studio Solution File, Format Version 12.00
# Visual Studio 15
Project("{FAE04EC0-301F-11D3-BF4B-00C04F79EFBC}") = "Assembly-CSharp", "Assembly-CSharp.csproj", "{7AF8D3FD-56EF-1A0D-DFAD-957EA88551D1}"
EndProject
Project("{FAE04EC0-301F-11D3-BF4B-00C04F79EFBC}") = "Assembly-CSharp-Editor", "Assembly-CSharp-Editor.csproj", "{695AE783-2B24-8772-4137-31B887E8B73C}"
EndProject
Global
	GlobalSection(SolutionConfigurationPlatforms) = preSolution
		Debug|Any CPU = Debug|Any CPU
		Release|Any CPU = Release|Any CPU
	EndGlobalSection
	GlobalSection(ProjectConfigurationPlatforms) = postSolution
		{7AF8D3FD-56EF-1A0D-DFAD-957EA88551D1}.Debug|Any CPU.ActiveCfg = Debug|Any CPU
		{7AF8D3FD-56EF-1A0D-DFAD-957EA88551D1}.Debug|Any CPU.Build.0 = Debug|Any CPU
		{7AF8D3FD-56EF-1A0D-DFAD-957EA88551D1}.Release|Any CPU.ActiveCfg = Release|Any CPU
		{7AF8D3FD-56EF-1A0D-DFAD-957EA88551D1}.Release|Any CPU.Build.0 = Release|Any CPU
		{695AE783-2B24-8772-4137-31B887E8B73C}.Debug|Any CPU.ActiveCfg = Debug|Any CPU
		{695AE783-2B24-8772-4137-31B887E8B73C}.Debug|Any CPU.Build.0 = Debug|Any CPU
		{695AE783-2B24-8772-4137-31B887E8B73C}.Release|Any CPU.ActiveCfg = Release|Any CPU
		{695AE783-2B24-8772-4137-31B887E8B73C}.Release|Any CPU.Build.0 = Release|Any CPU
	EndGlobalSection
	GlobalSection(SolutionProperties) = preSolution
		HideSolutionNode = FALSE
	EndGlobalSection
EndGlobal
